{
    "_readme": [
        "This file locks the dependencies of your project to a known state",
        "Read more about it at https://getcomposer.org/doc/01-basic-usage.md#installing-dependencies",
        "This file is @generated automatically"
    ],
    "content-hash": "8895c9d48fe835b15c1f1c88d8f3053f",
    "packages": [
        {
            "name": "serger/eval-math",
            "version": "2.0.2",
            "source": {
                "type": "git",
                "url": "https://github.com/SergeR/eval-math.git",
                "reference": "a9eae61df21bd19f693f78261f40a705f0551232"
            },
            "dist": {
                "type": "zip",
                "url": "https://api.github.com/repos/SergeR/eval-math/zipball/a9eae61df21bd19f693f78261f40a705f0551232",
                "reference": "a9eae61df21bd19f693f78261f40a705f0551232",
                "shasum": ""
            },
            "require": {
                "php": "^5.6 || ^7 || ^8.0"
            },
            "require-dev": {
                "php-coveralls/php-coveralls": "^2",
                "phpunit/phpunit": "^5"
            },
            "type": "library",
            "extra": {
                "branch-alias": {
                    "dev-master": "2.x-dev"
                }
            },
            "autoload": {
                "psr-4": {
                    "SergeR\\Util\\EvalMath\\": "src/"
                }
            },
            "notification-url": "https://packagist.org/downloads/",
            "license": [
                "BSD-2-Clause"
            ],
            "description": "EvalMath",
            "keywords": [
                "EvalMath"
            ],
            "support": {
                "source": "https://github.com/SergeR/eval-math/tree/2.0.2"
            },
            "time": "2023-01-08T10:39:51+00:00"
        }
    ],
    "packages-dev": [],
    "aliases": [],
    "minimum-stability": "stable",
    "stability-flags": [],
    "prefer-stable": false,
    "prefer-lowest": false,
    "platform": {
        "php": ">=7.4",
        "ext-mbstring": "*"
    },
    "platform-dev": [],
    "platform-overrides": {
        "php": "7.4.0"
    },
    "plugin-api-version": "2.3.0"
}
